{
  "nodes": {
    "home-manager": {
      "inputs": {
        "nixpkgs": [
          "nixpkgs"
        ]
      },
      "locked": {
        "lastModified": 1717476296,
        "narHash": "sha256-ScHe38Tr+TxGURC17kby4mIIxOG3aJvZWXzPM79UnEk=",
        "owner": "nix-community",
        "repo": "home-manager",
        "rev": "095ef64aa3b2ab4a4f1bf07f29997e21e3a5576a",
        "type": "github"
      },
      "original": {
        "owner": "nix-community",
        "ref": "release-23.11",
        "repo": "home-manager",
        "type": "github"
      }
    },
    "nixpkgs": {
      "locked": {
        "lastModified": 1719426051,
        "narHash": "sha256-yJL9VYQhaRM7xs0M867ZFxwaONB9T2Q4LnGo1WovuR4=",
        "owner": "NixOS",
        "repo": "nixpkgs",
        "rev": "89c49874fb15f4124bf71ca5f42a04f2ee5825fd",
        "type": "github"
      },
      "original": {
        "owner": "NixOS",
        "ref": "nixos-24.05",
        "repo": "nixpkgs",
        "type": "github"
      }
    },
    "root": {
      "inputs": {
        "home-manager": "home-manager",
        "nixpkgs": "nixpkgs"
      }
    }
  },
  "root": "root",
  "version": 7
}
